
Microsoft Visual Studio Solution File, Format Version 12.00
# Visual Studio Version 17
VisualStudioVersion = 17.5.33414.496
MinimumVisualStudioVersion = 10.0.40219.1
Project("{9A19103F-16F7-4668-BE54-9A1E7A4F7556}") = "tpmodul7_kelompok_07", "tpmodul7_kelompok_07\tpmodul7_kelompok_07.csproj", "{97F714C5-7757-4390-AAAA-696068086352}"
EndProject
Project("{2150E333-8FDC-42A3-9474-1A3956D46DE8}") = "Solution Items", "Solution Items", "{C556B69B-50B5-4DD8-B970-332865237C04}"
	ProjectSection(SolutionItems) = preProject
		.gitignore = .gitignore
	EndProjectSection
EndProject
Global
	GlobalSection(SolutionConfigurationPlatforms) = preSolution
		Debug|Any CPU = Debug|Any CPU
		Release|Any CPU = Release|Any CPU
	EndGlobalSection
	GlobalSection(ProjectConfigurationPlatforms) = postSolution
		{97F714C5-7757-4390-AAAA-696068086352}.Debug|Any CPU.ActiveCfg = Debug|Any CPU
		{97F714C5-7757-4390-AAAA-696068086352}.Debug|Any CPU.Build.0 = Debug|Any CPU
		{97F714C5-7757-4390-AAAA-696068086352}.Release|Any CPU.ActiveCfg = Release|Any CPU
		{97F714C5-7757-4390-AAAA-696068086352}.Release|Any CPU.Build.0 = Release|Any CPU
	EndGlobalSection
	GlobalSection(SolutionProperties) = preSolution
		HideSolutionNode = FALSE
	EndGlobalSection
	GlobalSection(ExtensibilityGlobals) = postSolution
		SolutionGuid = {ECD357FF-5C30-497D-993D-A4C4892C5222}
	EndGlobalSection
EndGlobal
